{
  "nodes": {
    "crane": {
      "inputs": {
        "nixpkgs": [
          "nixpkgs"
        ]
      },
      "locked": {
        "lastModified": 1705516899,
        "narHash": "sha256-L5GtQPVdZ8BcziIeeJ1aEwJIYVQcVHvsWrwSREJiPkc=",
        "owner": "hoprnet",
        "repo": "crane",
        "rev": "99387ec8c91d0be778ea92841c1641d11df51f0e",
        "type": "github"
      },
      "original": {
        "owner": "hoprnet",
        "ref": "tb/20240117-find-filter",
        "repo": "crane",
        "type": "github"
      }
    },
    "flake-parts": {
      "inputs": {
        "nixpkgs-lib": "nixpkgs-lib"
      },
      "locked": {
        "lastModified": 1709336216,
        "narHash": "sha256-Dt/wOWeW6Sqm11Yh+2+t0dfEWxoMxGBvv3JpIocFl9E=",
        "owner": "hercules-ci",
        "repo": "flake-parts",
        "rev": "f7b3c975cf067e56e7cda6cb098ebe3fb4d74ca2",
        "type": "github"
      },
      "original": {
        "owner": "hercules-ci",
        "repo": "flake-parts",
        "type": "github"
      }
    },
    "flake-utils": {
      "inputs": {
        "systems": "systems"
      },
      "locked": {
        "lastModified": 1710146030,
        "narHash": "sha256-SZ5L6eA7HJ/nmkzGG7/ISclqe6oZdOZTNoesiInkXPQ=",
        "owner": "numtide",
        "repo": "flake-utils",
        "rev": "b1d9ab70662946ef0850d488da1c9019f3a9752a",
        "type": "github"
      },
      "original": {
        "owner": "numtide",
        "repo": "flake-utils",
        "type": "github"
      }
    },
    "foundry": {
      "inputs": {
        "flake-utils": [
          "flake-utils"
        ],
        "nixpkgs": [
          "nixpkgs"
        ]
      },
      "locked": {
        "lastModified": 1709457044,
        "narHash": "sha256-1SktmSjTjC1rhJwQ+kvqUeExKogNzserFGuoGwOerHw=",
        "owner": "shazow",
        "repo": "foundry.nix",
        "rev": "592e8ca2e82a2c3a8d0d4dcc7f7c5b8c3842efcd",
        "type": "github"
      },
      "original": {
        "owner": "shazow",
        "ref": "monthly",
        "repo": "foundry.nix",
        "type": "github"
      }
    },
    "nixpkgs": {
      "locked": {
        "lastModified": 1711237847,
        "narHash": "sha256-huQbw4ljPHDEo0SCZtYwbOhCTeKtNtnKN3kK6NzdsPY=",
        "owner": "NixOS",
        "repo": "nixpkgs",
        "rev": "79863957ca9002b96ab3e107e8cfffbd49980e12",
        "type": "github"
      },
      "original": {
        "owner": "NixOS",
        "ref": "master",
        "repo": "nixpkgs",
        "type": "github"
      }
    },
    "nixpkgs-lib": {
      "locked": {
        "dir": "lib",
        "lastModified": 1709237383,
        "narHash": "sha256-cy6ArO4k5qTx+l5o+0mL9f5fa86tYUX3ozE1S+Txlds=",
        "owner": "NixOS",
        "repo": "nixpkgs",
        "rev": "1536926ef5621b09bba54035ae2bb6d806d72ac8",
        "type": "github"
      },
      "original": {
        "dir": "lib",
        "owner": "NixOS",
        "ref": "nixos-unstable",
        "repo": "nixpkgs",
        "type": "github"
      }
    },
    "root": {
      "inputs": {
        "crane": "crane",
        "flake-parts": "flake-parts",
        "flake-utils": "flake-utils",
        "foundry": "foundry",
        "nixpkgs": "nixpkgs",
        "rust-overlay": "rust-overlay",
        "solc": "solc"
      }
    },
    "rust-overlay": {
      "inputs": {
        "flake-utils": [
          "flake-utils"
        ],
        "nixpkgs": [
          "nixpkgs"
        ]
      },
      "locked": {
        "lastModified": 1703860326,
        "narHash": "sha256-Vfmuq3KuYrwKPBKDFFZcPIjFPrNx+1XocwOZE1c1+Nw=",
        "owner": "oxalica",
        "repo": "rust-overlay",
        "rev": "647bff9f5e10d7f1756d86eee09831e6b1b06430",
        "type": "github"
      },
      "original": {
        "owner": "oxalica",
        "repo": "rust-overlay",
        "rev": "647bff9f5e10d7f1756d86eee09831e6b1b06430",
        "type": "github"
      }
    },
    "solc": {
      "inputs": {
        "flake-utils": [
          "flake-utils"
        ],
        "nixpkgs": [
          "nixpkgs"
        ]
      },
      "locked": {
        "lastModified": 1708636525,
        "narHash": "sha256-DWAEDQXOwLggfMJeBjy4tgxRDeZQzATTHrRvkjkr56Y=",
        "owner": "hellwolf",
        "repo": "solc.nix",
        "rev": "f317dfc2755845df02a1119e124573821a49acec",
        "type": "github"
      },
      "original": {
        "owner": "hellwolf",
        "repo": "solc.nix",
        "type": "github"
      }
    },
    "systems": {
      "locked": {
        "lastModified": 1681028828,
        "narHash": "sha256-Vy1rq5AaRuLzOxct8nz4T6wlgyUR7zLU309k9mBC768=",
        "owner": "nix-systems",
        "repo": "default",
        "rev": "da67096a3b9bf56a91d16901293e51ba5b49a27e",
        "type": "github"
      },
      "original": {
        "owner": "nix-systems",
        "repo": "default",
        "type": "github"
      }
    }
  },
  "root": "root",
  "version": 7
}
